PODS:
  - ILLoginKit (1.0.1):
    - Validator (= 3.0.2)
  - Validator (3.0.2)

DEPENDENCIES:
  - ILLoginKit (from `../`)

SPEC REPOS:
  https://github.com/cocoapods/specs.git:
    - Validator

EXTERNAL SOURCES:
  ILLoginKit:
    :path: "../"

SPEC CHECKSUMS:
  ILLoginKit: b3ad1e35f0b21cbf9da02358af9a8a4e0d28c53c
  Validator: bf211c1d71b3f910d230c09c70e62429d0fef63a

PODFILE CHECKSUM: 5ec807e4b44832a109c4f1f9a9e080578d2e0113

COCOAPODS: 1.5.3
